# This file is automatically @generated by Cargo.
# It is not intended for manual editing.
version = 3

[[package]]
name = "bootloader"
version = "0.9.12"
source = "registry+https://github.com/rust-lang/crates.io-index"
checksum = "452bbab4eae8767805ff09386c9e26d42ceb6964916ab3c64425469342473f91"

[[package]]
name = "chopper_os"
version = "0.1.0"
dependencies = [
 "bootloader",
 "volatile",
]

[[package]]
name = "volatile"
version = "0.2.7"
source = "registry+https://github.com/rust-lang/crates.io-index"
checksum = "f6b06ad3ed06fef1713569d547cdbdb439eafed76341820fb0e0344f29a41945"
